
Microsoft Visual Studio Solution File, Format Version 12.00
# Visual Studio Version 17
VisualStudioVersion = 17.7.34031.279
MinimumVisualStudioVersion = 10.0.40219.1
Project("{9A19103F-16F7-4668-BE54-9A1E7A4F7556}") = "Project.WebAPI", "Vehicle\Project.WebAPI.csproj", "{F441CCFA-26FF-433B-9AA5-990B3F25DF0C}"
EndProject
Project("{9A19103F-16F7-4668-BE54-9A1E7A4F7556}") = "Project.DAL", "Project.DAL\Project.DAL.csproj", "{5D59E090-D038-4D8A-8838-2D743AFB8102}"
EndProject
Project("{9A19103F-16F7-4668-BE54-9A1E7A4F7556}") = "Project.Model", "Project.Model\Project.Model.csproj", "{8BE3860A-E898-4A49-B5A4-8F80549D8ED1}"
EndProject
Project("{9A19103F-16F7-4668-BE54-9A1E7A4F7556}") = "Project.Model.Common", "Project.Model.Common\Project.Model.Common.csproj", "{A28D4DB8-DF96-4152-8FFD-BEDA99EDEADC}"
EndProject
Project("{9A19103F-16F7-4668-BE54-9A1E7A4F7556}") = "Project.Repository.Common", "Project.Repository.Common\Project.Repository.Common.csproj", "{5E1A363F-153D-4DA4-9C57-ADB173276695}"
EndProject
Project("{9A19103F-16F7-4668-BE54-9A1E7A4F7556}") = "Project.Repository", "Project.Repository\Project.Repository.csproj", "{26DFDBFA-C4E1-4439-BCD5-57D59E528BC5}"
EndProject
Project("{9A19103F-16F7-4668-BE54-9A1E7A4F7556}") = "Project.Service.Common", "Project.Service.Common\Project.Service.Common.csproj", "{19BA95CE-2384-4E89-9EBD-21CA56359478}"
EndProject
Project("{9A19103F-16F7-4668-BE54-9A1E7A4F7556}") = "Project.Service", "Project.Service\Project.Service.csproj", "{1B1CCF9A-CE30-4CA6-864E-D910C44BD563}"
EndProject
Project("{FAE04EC0-301F-11D3-BF4B-00C04F79EFBC}") = "Project.Common", "Project.Common\Project.Common.csproj", "{AF41166F-4CEA-423E-B60F-5FF66892A7FB}"
EndProject
Global
	GlobalSection(SolutionConfigurationPlatforms) = preSolution
		Debug|Any CPU = Debug|Any CPU
		Release|Any CPU = Release|Any CPU
	EndGlobalSection
	GlobalSection(ProjectConfigurationPlatforms) = postSolution
		{F441CCFA-26FF-433B-9AA5-990B3F25DF0C}.Debug|Any CPU.ActiveCfg = Debug|Any CPU
		{F441CCFA-26FF-433B-9AA5-990B3F25DF0C}.Debug|Any CPU.Build.0 = Debug|Any CPU
		{F441CCFA-26FF-433B-9AA5-990B3F25DF0C}.Release|Any CPU.ActiveCfg = Release|Any CPU
		{F441CCFA-26FF-433B-9AA5-990B3F25DF0C}.Release|Any CPU.Build.0 = Release|Any CPU
		{5D59E090-D038-4D8A-8838-2D743AFB8102}.Debug|Any CPU.ActiveCfg = Debug|Any CPU
		{5D59E090-D038-4D8A-8838-2D743AFB8102}.Debug|Any CPU.Build.0 = Debug|Any CPU
		{5D59E090-D038-4D8A-8838-2D743AFB8102}.Release|Any CPU.ActiveCfg = Release|Any CPU
		{5D59E090-D038-4D8A-8838-2D743AFB8102}.Release|Any CPU.Build.0 = Release|Any CPU
		{8BE3860A-E898-4A49-B5A4-8F80549D8ED1}.Debug|Any CPU.ActiveCfg = Debug|Any CPU
		{8BE3860A-E898-4A49-B5A4-8F80549D8ED1}.Debug|Any CPU.Build.0 = Debug|Any CPU
		{8BE3860A-E898-4A49-B5A4-8F80549D8ED1}.Release|Any CPU.ActiveCfg = Release|Any CPU
		{8BE3860A-E898-4A49-B5A4-8F80549D8ED1}.Release|Any CPU.Build.0 = Release|Any CPU
		{A28D4DB8-DF96-4152-8FFD-BEDA99EDEADC}.Debug|Any CPU.ActiveCfg = Debug|Any CPU
		{A28D4DB8-DF96-4152-8FFD-BEDA99EDEADC}.Debug|Any CPU.Build.0 = Debug|Any CPU
		{A28D4DB8-DF96-4152-8FFD-BEDA99EDEADC}.Release|Any CPU.ActiveCfg = Release|Any CPU
		{A28D4DB8-DF96-4152-8FFD-BEDA99EDEADC}.Release|Any CPU.Build.0 = Release|Any CPU
		{5E1A363F-153D-4DA4-9C57-ADB173276695}.Debug|Any CPU.ActiveCfg = Debug|Any CPU
		{5E1A363F-153D-4DA4-9C57-ADB173276695}.Debug|Any CPU.Build.0 = Debug|Any CPU
		{5E1A363F-153D-4DA4-9C57-ADB173276695}.Release|Any CPU.ActiveCfg = Release|Any CPU
		{5E1A363F-153D-4DA4-9C57-ADB173276695}.Release|Any CPU.Build.0 = Release|Any CPU
		{26DFDBFA-C4E1-4439-BCD5-57D59E528BC5}.Debug|Any CPU.ActiveCfg = Debug|Any CPU
		{26DFDBFA-C4E1-4439-BCD5-57D59E528BC5}.Debug|Any CPU.Build.0 = Debug|Any CPU
		{26DFDBFA-C4E1-4439-BCD5-57D59E528BC5}.Release|Any CPU.ActiveCfg = Release|Any CPU
		{26DFDBFA-C4E1-4439-BCD5-57D59E528BC5}.Release|Any CPU.Build.0 = Release|Any CPU
		{19BA95CE-2384-4E89-9EBD-21CA56359478}.Debug|Any CPU.ActiveCfg = Debug|Any CPU
		{19BA95CE-2384-4E89-9EBD-21CA56359478}.Debug|Any CPU.Build.0 = Debug|Any CPU
		{19BA95CE-2384-4E89-9EBD-21CA56359478}.Release|Any CPU.ActiveCfg = Release|Any CPU
		{19BA95CE-2384-4E89-9EBD-21CA56359478}.Release|Any CPU.Build.0 = Release|Any CPU
		{1B1CCF9A-CE30-4CA6-864E-D910C44BD563}.Debug|Any CPU.ActiveCfg = Debug|Any CPU
		{1B1CCF9A-CE30-4CA6-864E-D910C44BD563}.Debug|Any CPU.Build.0 = Debug|Any CPU
		{1B1CCF9A-CE30-4CA6-864E-D910C44BD563}.Release|Any CPU.ActiveCfg = Release|Any CPU
		{1B1CCF9A-CE30-4CA6-864E-D910C44BD563}.Release|Any CPU.Build.0 = Release|Any CPU
		{AF41166F-4CEA-423E-B60F-5FF66892A7FB}.Debug|Any CPU.ActiveCfg = Debug|Any CPU
		{AF41166F-4CEA-423E-B60F-5FF66892A7FB}.Debug|Any CPU.Build.0 = Debug|Any CPU
		{AF41166F-4CEA-423E-B60F-5FF66892A7FB}.Release|Any CPU.ActiveCfg = Release|Any CPU
		{AF41166F-4CEA-423E-B60F-5FF66892A7FB}.Release|Any CPU.Build.0 = Release|Any CPU
	EndGlobalSection
	GlobalSection(SolutionProperties) = preSolution
		HideSolutionNode = FALSE
	EndGlobalSection
	GlobalSection(ExtensibilityGlobals) = postSolution
		SolutionGuid = {6AE97978-65C5-4BEE-9FEA-4964B431E93B}
	EndGlobalSection
EndGlobal
